
Microsoft Visual Studio Solution File, Format Version 12.00
# Visual Studio Version 17
VisualStudioVersion = 17.9.34622.214
MinimumVisualStudioVersion = 10.0.40219.1
Project("{FAE04EC0-301F-11D3-BF4B-00C04F79EFBC}") = "Filters_multithreading", "Filters_multithreading\Filters_multithreading.csproj", "{FBEE0BBD-A8C3-42C8-82A2-DB40562B6C20}"
EndProject
Project("{FAE04EC0-301F-11D3-BF4B-00C04F79EFBC}") = "App", "App\App.csproj", "{911B8443-E34B-4B72-B832-6FD28E9F7F10}"
EndProject
Global
	GlobalSection(SolutionConfigurationPlatforms) = preSolution
		Debug|Any CPU = Debug|Any CPU
		Release|Any CPU = Release|Any CPU
	EndGlobalSection
	GlobalSection(ProjectConfigurationPlatforms) = postSolution
		{FBEE0BBD-A8C3-42C8-82A2-DB40562B6C20}.Debug|Any CPU.ActiveCfg = Debug|Any CPU
		{FBEE0BBD-A8C3-42C8-82A2-DB40562B6C20}.Debug|Any CPU.Build.0 = Debug|Any CPU
		{FBEE0BBD-A8C3-42C8-82A2-DB40562B6C20}.Release|Any CPU.ActiveCfg = Release|Any CPU
		{FBEE0BBD-A8C3-42C8-82A2-DB40562B6C20}.Release|Any CPU.Build.0 = Release|Any CPU
		{911B8443-E34B-4B72-B832-6FD28E9F7F10}.Debug|Any CPU.ActiveCfg = Debug|Any CPU
		{911B8443-E34B-4B72-B832-6FD28E9F7F10}.Debug|Any CPU.Build.0 = Debug|Any CPU
		{911B8443-E34B-4B72-B832-6FD28E9F7F10}.Release|Any CPU.ActiveCfg = Release|Any CPU
		{911B8443-E34B-4B72-B832-6FD28E9F7F10}.Release|Any CPU.Build.0 = Release|Any CPU
	EndGlobalSection
	GlobalSection(SolutionProperties) = preSolution
		HideSolutionNode = FALSE
	EndGlobalSection
	GlobalSection(ExtensibilityGlobals) = postSolution
		SolutionGuid = {DA8FEFF7-E390-4600-8BBD-D68E3F187876}
	EndGlobalSection
EndGlobal
